
Microsoft Visual Studio Solution File, Format Version 12.00
# Visual Studio Version 17
VisualStudioVersion = 17.1.32421.90
MinimumVisualStudioVersion = 10.0.40219.1
Project("{FAE04EC0-301F-11D3-BF4B-00C04F79EFBC}") = "BookClubAPI", "BookClubAPI\BookClubAPI.csproj", "{966C4D27-204C-4CA9-ADA2-1ABA866A99BC}"
EndProject
Global
	GlobalSection(SolutionConfigurationPlatforms) = preSolution
		Debug|Any CPU = Debug|Any CPU
		Release|Any CPU = Release|Any CPU
	EndGlobalSection
	GlobalSection(ProjectConfigurationPlatforms) = postSolution
		{966C4D27-204C-4CA9-ADA2-1ABA866A99BC}.Debug|Any CPU.ActiveCfg = Debug|Any CPU
		{966C4D27-204C-4CA9-ADA2-1ABA866A99BC}.Debug|Any CPU.Build.0 = Debug|Any CPU
		{966C4D27-204C-4CA9-ADA2-1ABA866A99BC}.Release|Any CPU.ActiveCfg = Release|Any CPU
		{966C4D27-204C-4CA9-ADA2-1ABA866A99BC}.Release|Any CPU.Build.0 = Release|Any CPU
	EndGlobalSection
	GlobalSection(SolutionProperties) = preSolution
		HideSolutionNode = FALSE
	EndGlobalSection
	GlobalSection(ExtensibilityGlobals) = postSolution
		SolutionGuid = {B214D7D9-1C86-4533-A110-A76E230108F2}
	EndGlobalSection
EndGlobal
